
Microsoft Visual Studio Solution File, Format Version 12.00
# Visual Studio Version 16
VisualStudioVersion = 16.0.32106.194
MinimumVisualStudioVersion = 10.0.40219.1
Project("{FAE04EC0-301F-11D3-BF4B-00C04F79EFBC}") = "FoodForYouApp", "FoodForYouApp\FoodForYouApp.csproj", "{677AF56E-680D-4C3D-B471-BA0FA0E1592F}"
EndProject
Global
	GlobalSection(SolutionConfigurationPlatforms) = preSolution
		Debug|Any CPU = Debug|Any CPU
		Release|Any CPU = Release|Any CPU
	EndGlobalSection
	GlobalSection(ProjectConfigurationPlatforms) = postSolution
		{677AF56E-680D-4C3D-B471-BA0FA0E1592F}.Debug|Any CPU.ActiveCfg = Debug|Any CPU
		{677AF56E-680D-4C3D-B471-BA0FA0E1592F}.Debug|Any CPU.Build.0 = Debug|Any CPU
		{677AF56E-680D-4C3D-B471-BA0FA0E1592F}.Release|Any CPU.ActiveCfg = Release|Any CPU
		{677AF56E-680D-4C3D-B471-BA0FA0E1592F}.Release|Any CPU.Build.0 = Release|Any CPU
	EndGlobalSection
	GlobalSection(SolutionProperties) = preSolution
		HideSolutionNode = FALSE
	EndGlobalSection
	GlobalSection(ExtensibilityGlobals) = postSolution
		SolutionGuid = {644847A2-1606-4DBF-A1E0-530099C114E7}
	EndGlobalSection
EndGlobal
